
Microsoft Visual Studio Solution File, Format Version 12.00
# Visual Studio Version 17
VisualStudioVersion = 17.7.34024.191
MinimumVisualStudioVersion = 10.0.40219.1
Project("{FAE04EC0-301F-11D3-BF4B-00C04F79EFBC}") = "S3-LogicaDeProgramacao", "S3-LogicaDeProgramacao\S3-LogicaDeProgramacao.csproj", "{453A3275-C5D6-4D7F-81E1-3C2727245EDD}"
EndProject
Project("{FAE04EC0-301F-11D3-BF4B-00C04F79EFBC}") = "S4-ClassesAtributosMetodos", "S4-ClassesAtributosMetodos\S4-ClassesAtributosMetodos.csproj", "{EDCBBCA9-76ED-4B34-AB43-74413136F8B9}"
EndProject
Project("{FAE04EC0-301F-11D3-BF4B-00C04F79EFBC}") = "S5-ConstrutoresThisSobrecargaEncapsulamento", "S5-ConstrutoresThisSobrecargaEncapsulamento\S5-ConstrutoresThisSobrecargaEncapsulamento.csproj", "{F92922E8-A55F-4033-8CCC-BA5CB3771D88}"
EndProject
Project("{FAE04EC0-301F-11D3-BF4B-00C04F79EFBC}") = "S6-ComportamentoDeMemoriaArraysListas", "S6-ComportamentoDeMemoriaArraysListas\S6-ComportamentoDeMemoriaArraysListas.csproj", "{7B2CB455-3501-4AE8-9F18-72240278838B}"
EndProject
Project("{FAE04EC0-301F-11D3-BF4B-00C04F79EFBC}") = "S7-TopicosEspeciaisEmCSharpPT1", "S7-TopicosEspeciaisEmCSharpPT1\S7-TopicosEspeciaisEmCSharpPT1.csproj", "{36BF73C5-8641-4518-9636-442DA50421A6}"
EndProject
Global
	GlobalSection(SolutionConfigurationPlatforms) = preSolution
		Debug|Any CPU = Debug|Any CPU
		Release|Any CPU = Release|Any CPU
	EndGlobalSection
	GlobalSection(ProjectConfigurationPlatforms) = postSolution
		{453A3275-C5D6-4D7F-81E1-3C2727245EDD}.Debug|Any CPU.ActiveCfg = Debug|Any CPU
		{453A3275-C5D6-4D7F-81E1-3C2727245EDD}.Debug|Any CPU.Build.0 = Debug|Any CPU
		{453A3275-C5D6-4D7F-81E1-3C2727245EDD}.Release|Any CPU.ActiveCfg = Release|Any CPU
		{453A3275-C5D6-4D7F-81E1-3C2727245EDD}.Release|Any CPU.Build.0 = Release|Any CPU
		{EDCBBCA9-76ED-4B34-AB43-74413136F8B9}.Debug|Any CPU.ActiveCfg = Debug|Any CPU
		{EDCBBCA9-76ED-4B34-AB43-74413136F8B9}.Debug|Any CPU.Build.0 = Debug|Any CPU
		{EDCBBCA9-76ED-4B34-AB43-74413136F8B9}.Release|Any CPU.ActiveCfg = Release|Any CPU
		{EDCBBCA9-76ED-4B34-AB43-74413136F8B9}.Release|Any CPU.Build.0 = Release|Any CPU
		{F92922E8-A55F-4033-8CCC-BA5CB3771D88}.Debug|Any CPU.ActiveCfg = Debug|Any CPU
		{F92922E8-A55F-4033-8CCC-BA5CB3771D88}.Debug|Any CPU.Build.0 = Debug|Any CPU
		{F92922E8-A55F-4033-8CCC-BA5CB3771D88}.Release|Any CPU.ActiveCfg = Release|Any CPU
		{F92922E8-A55F-4033-8CCC-BA5CB3771D88}.Release|Any CPU.Build.0 = Release|Any CPU
		{7B2CB455-3501-4AE8-9F18-72240278838B}.Debug|Any CPU.ActiveCfg = Debug|Any CPU
		{7B2CB455-3501-4AE8-9F18-72240278838B}.Debug|Any CPU.Build.0 = Debug|Any CPU
		{7B2CB455-3501-4AE8-9F18-72240278838B}.Release|Any CPU.ActiveCfg = Release|Any CPU
		{7B2CB455-3501-4AE8-9F18-72240278838B}.Release|Any CPU.Build.0 = Release|Any CPU
		{36BF73C5-8641-4518-9636-442DA50421A6}.Debug|Any CPU.ActiveCfg = Debug|Any CPU
		{36BF73C5-8641-4518-9636-442DA50421A6}.Debug|Any CPU.Build.0 = Debug|Any CPU
		{36BF73C5-8641-4518-9636-442DA50421A6}.Release|Any CPU.ActiveCfg = Release|Any CPU
		{36BF73C5-8641-4518-9636-442DA50421A6}.Release|Any CPU.Build.0 = Release|Any CPU
	EndGlobalSection
	GlobalSection(SolutionProperties) = preSolution
		HideSolutionNode = FALSE
	EndGlobalSection
	GlobalSection(ExtensibilityGlobals) = postSolution
		SolutionGuid = {20B63FC9-7DAA-48A1-BBDF-9B4BAA42983A}
	EndGlobalSection
EndGlobal
