
Microsoft Visual Studio Solution File, Format Version 12.00
# Visual Studio Version 17
VisualStudioVersion = 17.7.34024.191
MinimumVisualStudioVersion = 10.0.40219.1
Project("{FAE04EC0-301F-11D3-BF4B-00C04F79EFBC}") = "CursoCSharpCompleto", "CursoCSharpCompleto\CursoCSharpCompleto.csproj", "{192D11DA-5F44-4923-9A55-3D6BF12A0F09}"
EndProject
Global
	GlobalSection(SolutionConfigurationPlatforms) = preSolution
		Debug|Any CPU = Debug|Any CPU
		Release|Any CPU = Release|Any CPU
	EndGlobalSection
	GlobalSection(ProjectConfigurationPlatforms) = postSolution
		{192D11DA-5F44-4923-9A55-3D6BF12A0F09}.Debug|Any CPU.ActiveCfg = Debug|Any CPU
		{192D11DA-5F44-4923-9A55-3D6BF12A0F09}.Debug|Any CPU.Build.0 = Debug|Any CPU
		{192D11DA-5F44-4923-9A55-3D6BF12A0F09}.Release|Any CPU.ActiveCfg = Release|Any CPU
		{192D11DA-5F44-4923-9A55-3D6BF12A0F09}.Release|Any CPU.Build.0 = Release|Any CPU
	EndGlobalSection
	GlobalSection(SolutionProperties) = preSolution
		HideSolutionNode = FALSE
	EndGlobalSection
	GlobalSection(ExtensibilityGlobals) = postSolution
		SolutionGuid = {20B63FC9-7DAA-48A1-BBDF-9B4BAA42983A}
	EndGlobalSection
EndGlobal
